
Microsoft Visual Studio Solution File, Format Version 12.00
# Visual Studio Version 16
VisualStudioVersion = 16.0.29215.179
MinimumVisualStudioVersion = 10.0.40219.1
Project("{2150E333-8FDC-42A3-9474-1A3956D46DE8}") = "PL", "PL", "{00BF04F2-A975-4C2D-B6C3-ADD4842DCE60}"
EndProject
Project("{2150E333-8FDC-42A3-9474-1A3956D46DE8}") = "DAL", "DAL", "{9750B1B0-86EB-4467-A47A-C2B29AEA8C0C}"
EndProject
Project("{2150E333-8FDC-42A3-9474-1A3956D46DE8}") = "BLL", "BLL", "{B55E809A-4FF2-4B4D-90A2-AD0DE2B8133E}"
EndProject
Project("{2150E333-8FDC-42A3-9474-1A3956D46DE8}") = "Common", "Common", "{25CE93A2-1A03-4483-AEA0-9A33750FB386}"
EndProject
Project("{FAE04EC0-301F-11D3-BF4B-00C04F79EFBC}") = "EPAM.UsersAndAwards.Common", "Common\EPAM.UsersAndAwards.Common\EPAM.UsersAndAwards.Common.csproj", "{0CF83924-51A8-4929-BD82-C91FE17D3709}"
EndProject
Project("{FAE04EC0-301F-11D3-BF4B-00C04F79EFBC}") = "EPAM.UsersAndAwards.Entities", "Common\EPAM.UsersAndAwards.Entities\EPAM.UsersAndAwards.Entities.csproj", "{89AF427E-57D0-4095-8A06-4F930B159477}"
EndProject
Project("{FAE04EC0-301F-11D3-BF4B-00C04F79EFBC}") = "EPAM.UsersAndAwards.ConsolePL", "PL\EPAM.UsersAndAwards.ConsolePL\EPAM.UsersAndAwards.ConsolePL.csproj", "{D3644AB3-711B-4EFB-B6DD-D5ED11A10637}"
EndProject
Project("{FAE04EC0-301F-11D3-BF4B-00C04F79EFBC}") = "EPAM.UsersAndAwards.DAL", "DAL\EPAM.UsersAndAwards.DAL\EPAM.UsersAndAwards.DAL.csproj", "{CC26A18E-6060-4B01-B98B-9A155D9C55CC}"
EndProject
Project("{FAE04EC0-301F-11D3-BF4B-00C04F79EFBC}") = "EPAM.UsersAndAwards.DAL.Interface", "DAL\EPAM.UsersAndAwards.DAL.Interface\EPAM.UsersAndAwards.DAL.Interface.csproj", "{03AD272B-EB7B-4319-8F64-FA5B1795531F}"
EndProject
Project("{FAE04EC0-301F-11D3-BF4B-00C04F79EFBC}") = "EPAM.UsersAndAwards.BLL", "BLL\EPAM.UsersAndAwards.BLL\EPAM.UsersAndAwards.BLL.csproj", "{CD5C722C-F64C-46D6-8357-171AEA77179C}"
EndProject
Project("{FAE04EC0-301F-11D3-BF4B-00C04F79EFBC}") = "EPAM.UsersAndAwards.BLL.Interface", "BLL\EPAM.UsersAndAwards.BLL.Interface\EPAM.UsersAndAwards.BLL.Interface.csproj", "{4FBAC5C7-6BD6-422A-9DEB-23B991851D0A}"
EndProject
Global
	GlobalSection(SolutionConfigurationPlatforms) = preSolution
		Debug|Any CPU = Debug|Any CPU
		Release|Any CPU = Release|Any CPU
	EndGlobalSection
	GlobalSection(ProjectConfigurationPlatforms) = postSolution
		{0CF83924-51A8-4929-BD82-C91FE17D3709}.Debug|Any CPU.ActiveCfg = Debug|Any CPU
		{0CF83924-51A8-4929-BD82-C91FE17D3709}.Debug|Any CPU.Build.0 = Debug|Any CPU
		{0CF83924-51A8-4929-BD82-C91FE17D3709}.Release|Any CPU.ActiveCfg = Release|Any CPU
		{0CF83924-51A8-4929-BD82-C91FE17D3709}.Release|Any CPU.Build.0 = Release|Any CPU
		{89AF427E-57D0-4095-8A06-4F930B159477}.Debug|Any CPU.ActiveCfg = Debug|Any CPU
		{89AF427E-57D0-4095-8A06-4F930B159477}.Debug|Any CPU.Build.0 = Debug|Any CPU
		{89AF427E-57D0-4095-8A06-4F930B159477}.Release|Any CPU.ActiveCfg = Release|Any CPU
		{89AF427E-57D0-4095-8A06-4F930B159477}.Release|Any CPU.Build.0 = Release|Any CPU
		{D3644AB3-711B-4EFB-B6DD-D5ED11A10637}.Debug|Any CPU.ActiveCfg = Debug|Any CPU
		{D3644AB3-711B-4EFB-B6DD-D5ED11A10637}.Debug|Any CPU.Build.0 = Debug|Any CPU
		{D3644AB3-711B-4EFB-B6DD-D5ED11A10637}.Release|Any CPU.ActiveCfg = Release|Any CPU
		{D3644AB3-711B-4EFB-B6DD-D5ED11A10637}.Release|Any CPU.Build.0 = Release|Any CPU
		{CC26A18E-6060-4B01-B98B-9A155D9C55CC}.Debug|Any CPU.ActiveCfg = Debug|Any CPU
		{CC26A18E-6060-4B01-B98B-9A155D9C55CC}.Debug|Any CPU.Build.0 = Debug|Any CPU
		{CC26A18E-6060-4B01-B98B-9A155D9C55CC}.Release|Any CPU.ActiveCfg = Release|Any CPU
		{CC26A18E-6060-4B01-B98B-9A155D9C55CC}.Release|Any CPU.Build.0 = Release|Any CPU
		{03AD272B-EB7B-4319-8F64-FA5B1795531F}.Debug|Any CPU.ActiveCfg = Debug|Any CPU
		{03AD272B-EB7B-4319-8F64-FA5B1795531F}.Debug|Any CPU.Build.0 = Debug|Any CPU
		{03AD272B-EB7B-4319-8F64-FA5B1795531F}.Release|Any CPU.ActiveCfg = Release|Any CPU
		{03AD272B-EB7B-4319-8F64-FA5B1795531F}.Release|Any CPU.Build.0 = Release|Any CPU
		{CD5C722C-F64C-46D6-8357-171AEA77179C}.Debug|Any CPU.ActiveCfg = Debug|Any CPU
		{CD5C722C-F64C-46D6-8357-171AEA77179C}.Debug|Any CPU.Build.0 = Debug|Any CPU
		{CD5C722C-F64C-46D6-8357-171AEA77179C}.Release|Any CPU.ActiveCfg = Release|Any CPU
		{CD5C722C-F64C-46D6-8357-171AEA77179C}.Release|Any CPU.Build.0 = Release|Any CPU
		{4FBAC5C7-6BD6-422A-9DEB-23B991851D0A}.Debug|Any CPU.ActiveCfg = Debug|Any CPU
		{4FBAC5C7-6BD6-422A-9DEB-23B991851D0A}.Debug|Any CPU.Build.0 = Debug|Any CPU
		{4FBAC5C7-6BD6-422A-9DEB-23B991851D0A}.Release|Any CPU.ActiveCfg = Release|Any CPU
		{4FBAC5C7-6BD6-422A-9DEB-23B991851D0A}.Release|Any CPU.Build.0 = Release|Any CPU
	EndGlobalSection
	GlobalSection(SolutionProperties) = preSolution
		HideSolutionNode = FALSE
	EndGlobalSection
	GlobalSection(NestedProjects) = preSolution
		{0CF83924-51A8-4929-BD82-C91FE17D3709} = {25CE93A2-1A03-4483-AEA0-9A33750FB386}
		{89AF427E-57D0-4095-8A06-4F930B159477} = {25CE93A2-1A03-4483-AEA0-9A33750FB386}
		{D3644AB3-711B-4EFB-B6DD-D5ED11A10637} = {00BF04F2-A975-4C2D-B6C3-ADD4842DCE60}
		{CC26A18E-6060-4B01-B98B-9A155D9C55CC} = {9750B1B0-86EB-4467-A47A-C2B29AEA8C0C}
		{03AD272B-EB7B-4319-8F64-FA5B1795531F} = {9750B1B0-86EB-4467-A47A-C2B29AEA8C0C}
		{CD5C722C-F64C-46D6-8357-171AEA77179C} = {B55E809A-4FF2-4B4D-90A2-AD0DE2B8133E}
		{4FBAC5C7-6BD6-422A-9DEB-23B991851D0A} = {B55E809A-4FF2-4B4D-90A2-AD0DE2B8133E}
	EndGlobalSection
	GlobalSection(ExtensibilityGlobals) = postSolution
		SolutionGuid = {62487E74-71F3-41FE-9517-B4AA285D515F}
	EndGlobalSection
EndGlobal
