
Microsoft Visual Studio Solution File, Format Version 12.00
# Visual Studio Version 16
VisualStudioVersion = 16.0.29025.244
MinimumVisualStudioVersion = 10.0.40219.1
Project("{9A19103F-16F7-4668-BE54-9A1E7A4F7556}") = "0.1_Sequence", "0.1_Sequence\0.1_Sequence.csproj", "{A4F838FD-5A6A-45AA-929D-CE351406200E}"
EndProject
Project("{9A19103F-16F7-4668-BE54-9A1E7A4F7556}") = "0.2_Simple", "0.2_Simple\0.2_Simple.csproj", "{D7640F1D-B0FF-421B-9787-EE402193DE39}"
EndProject
Project("{9A19103F-16F7-4668-BE54-9A1E7A4F7556}") = "0.3_Square", "0.3_Square\0.3_Square.csproj", "{ADDDF4D4-8300-4997-8E88-5C8CA7960646}"
EndProject
Global
	GlobalSection(SolutionConfigurationPlatforms) = preSolution
		Debug|Any CPU = Debug|Any CPU
		Release|Any CPU = Release|Any CPU
	EndGlobalSection
	GlobalSection(ProjectConfigurationPlatforms) = postSolution
		{A4F838FD-5A6A-45AA-929D-CE351406200E}.Debug|Any CPU.ActiveCfg = Debug|Any CPU
		{A4F838FD-5A6A-45AA-929D-CE351406200E}.Debug|Any CPU.Build.0 = Debug|Any CPU
		{A4F838FD-5A6A-45AA-929D-CE351406200E}.Release|Any CPU.ActiveCfg = Release|Any CPU
		{A4F838FD-5A6A-45AA-929D-CE351406200E}.Release|Any CPU.Build.0 = Release|Any CPU
		{D7640F1D-B0FF-421B-9787-EE402193DE39}.Debug|Any CPU.ActiveCfg = Debug|Any CPU
		{D7640F1D-B0FF-421B-9787-EE402193DE39}.Debug|Any CPU.Build.0 = Debug|Any CPU
		{D7640F1D-B0FF-421B-9787-EE402193DE39}.Release|Any CPU.ActiveCfg = Release|Any CPU
		{D7640F1D-B0FF-421B-9787-EE402193DE39}.Release|Any CPU.Build.0 = Release|Any CPU
		{ADDDF4D4-8300-4997-8E88-5C8CA7960646}.Debug|Any CPU.ActiveCfg = Debug|Any CPU
		{ADDDF4D4-8300-4997-8E88-5C8CA7960646}.Debug|Any CPU.Build.0 = Debug|Any CPU
		{ADDDF4D4-8300-4997-8E88-5C8CA7960646}.Release|Any CPU.ActiveCfg = Release|Any CPU
		{ADDDF4D4-8300-4997-8E88-5C8CA7960646}.Release|Any CPU.Build.0 = Release|Any CPU
	EndGlobalSection
	GlobalSection(SolutionProperties) = preSolution
		HideSolutionNode = FALSE
	EndGlobalSection
	GlobalSection(ExtensibilityGlobals) = postSolution
		SolutionGuid = {CCA8BFA5-FF44-4C6F-A534-3C3DB86038EA}
	EndGlobalSection
EndGlobal
