
Microsoft Visual Studio Solution File, Format Version 12.00
# Visual Studio Version 16
VisualStudioVersion = 16.0.29020.237
MinimumVisualStudioVersion = 10.0.40219.1
Project("{2150E333-8FDC-42A3-9474-1A3956D46DE8}") = "Task_00_Intro", "Task_00_Intro", "{37BB2708-D980-4AC8-ACC5-8F9DE2748816}"
EndProject
Project("{FAE04EC0-301F-11D3-BF4B-00C04F79EFBC}") = "0.1_Sequence", "Task_00_Intro\0.1_Sequence\0.1_Sequence.csproj", "{94E7F0C5-1E9D-4A7D-BE1B-B408C7239C11}"
EndProject
Project("{9A19103F-16F7-4668-BE54-9A1E7A4F7556}") = "0.2_Simple", "Task_00_Intro\0.2_Simple\0.2_Simple.csproj", "{AB5E582E-166A-457F-8914-E656F345C733}"
EndProject
Project("{9A19103F-16F7-4668-BE54-9A1E7A4F7556}") = "0.3_Square", "Task_00_Intro\0.3_Square\0.3_Square.csproj", "{DD3F13EA-3B0A-4FB4-BB6B-56C2350CC7DD}"
EndProject
Project("{2150E333-8FDC-42A3-9474-1A3956D46DE8}") = "Task_01_CSharp_Basics", "Task_01_CSharp_Basics", "{2C0E3E4A-FD75-46CC-BE11-98EA1C648304}"
EndProject
Project("{9A19103F-16F7-4668-BE54-9A1E7A4F7556}") = "1.1_Rectangle", "Task_01_CSharp_Basics\1.1_Rectangle\1.1_Rectangle.csproj", "{9723F91F-D98D-401E-AF53-036E839472A2}"
EndProject
Project("{9A19103F-16F7-4668-BE54-9A1E7A4F7556}") = "1.2_Triangle", "Task_01_CSharp_Basics\1.2_Triangle\1.2_Triangle.csproj", "{8BAAB65A-E8A8-47A4-8F15-E8D643056031}"
EndProject
Project("{9A19103F-16F7-4668-BE54-9A1E7A4F7556}") = "1.3_AnotherTriangle", "Task_01_CSharp_Basics\1.3_AnotherTriangle\1.3_AnotherTriangle.csproj", "{55069EFE-2921-432A-9466-2BD4E25D8E5C}"
EndProject
Project("{9A19103F-16F7-4668-BE54-9A1E7A4F7556}") = "1.4_XmasTree", "Task_01_CSharp_Basics\1.4_XmasTree\1.4_XmasTree.csproj", "{5FA72AD6-150D-4A8A-9F0E-F63D60327293}"
EndProject
Project("{9A19103F-16F7-4668-BE54-9A1E7A4F7556}") = "1.5_SumOfNumbers", "Task_01_CSharp_Basics\1.5_SumOfNumbers\1.5_SumOfNumbers.csproj", "{9A7F001F-6E9D-4904-AD7B-0FD617B68B81}"
EndProject
Project("{9A19103F-16F7-4668-BE54-9A1E7A4F7556}") = "1.6_FontAdjustment", "Task_01_CSharp_Basics\1.6_FontAdjustment\1.6_FontAdjustment.csproj", "{0713677E-C7BE-4C9E-B3D7-B2223D583375}"
EndProject
Project("{9A19103F-16F7-4668-BE54-9A1E7A4F7556}") = "1.7_ArrayProcessing", "Task_01_CSharp_Basics\1.7_ArrayProcessing\1.7_ArrayProcessing.csproj", "{E6A83895-BCDC-4458-8188-16829BBDDE87}"
EndProject
Project("{9A19103F-16F7-4668-BE54-9A1E7A4F7556}") = "1.8_NoPositive", "Task_01_CSharp_Basics\1.8_NoPositive\1.8_NoPositive.csproj", "{1BB7F3D0-A1A4-464E-92DD-FE995C220C97}"
EndProject
Project("{9A19103F-16F7-4668-BE54-9A1E7A4F7556}") = "1.9_NonNegativeSum", "Task_01_CSharp_Basics\1.9_NonNegativeSum\1.9_NonNegativeSum.csproj", "{D143F807-3396-47D0-B5E4-39C546D1E83A}"
EndProject
Project("{9A19103F-16F7-4668-BE54-9A1E7A4F7556}") = "1.10_2DArray", "Task_01_CSharp_Basics\1.10_2DArray\1.10_2DArray.csproj", "{08F06E41-3A86-4D37-87B1-70865EA3E944}"
EndProject
Project("{9A19103F-16F7-4668-BE54-9A1E7A4F7556}") = "1.11_AverageStringLength", "Task_01_CSharp_Basics\1.11_AverageStringLength\1.11_AverageStringLength.csproj", "{3479DC18-64B4-4327-AD10-E642725BD892}"
EndProject
Project("{9A19103F-16F7-4668-BE54-9A1E7A4F7556}") = "1.12_CharDoubler", "Task_01_CSharp_Basics\1.12_CharDoubler\1.12_CharDoubler.csproj", "{92154E34-325B-457F-A947-C68034366A3F}"
EndProject
Global
	GlobalSection(SolutionConfigurationPlatforms) = preSolution
		Debug|Any CPU = Debug|Any CPU
		Release|Any CPU = Release|Any CPU
	EndGlobalSection
	GlobalSection(ProjectConfigurationPlatforms) = postSolution
		{94E7F0C5-1E9D-4A7D-BE1B-B408C7239C11}.Debug|Any CPU.ActiveCfg = Debug|Any CPU
		{94E7F0C5-1E9D-4A7D-BE1B-B408C7239C11}.Debug|Any CPU.Build.0 = Debug|Any CPU
		{94E7F0C5-1E9D-4A7D-BE1B-B408C7239C11}.Release|Any CPU.ActiveCfg = Release|Any CPU
		{94E7F0C5-1E9D-4A7D-BE1B-B408C7239C11}.Release|Any CPU.Build.0 = Release|Any CPU
		{AB5E582E-166A-457F-8914-E656F345C733}.Debug|Any CPU.ActiveCfg = Debug|Any CPU
		{AB5E582E-166A-457F-8914-E656F345C733}.Debug|Any CPU.Build.0 = Debug|Any CPU
		{AB5E582E-166A-457F-8914-E656F345C733}.Release|Any CPU.ActiveCfg = Release|Any CPU
		{AB5E582E-166A-457F-8914-E656F345C733}.Release|Any CPU.Build.0 = Release|Any CPU
		{DD3F13EA-3B0A-4FB4-BB6B-56C2350CC7DD}.Debug|Any CPU.ActiveCfg = Debug|Any CPU
		{DD3F13EA-3B0A-4FB4-BB6B-56C2350CC7DD}.Debug|Any CPU.Build.0 = Debug|Any CPU
		{DD3F13EA-3B0A-4FB4-BB6B-56C2350CC7DD}.Release|Any CPU.ActiveCfg = Release|Any CPU
		{DD3F13EA-3B0A-4FB4-BB6B-56C2350CC7DD}.Release|Any CPU.Build.0 = Release|Any CPU
		{9723F91F-D98D-401E-AF53-036E839472A2}.Debug|Any CPU.ActiveCfg = Debug|Any CPU
		{9723F91F-D98D-401E-AF53-036E839472A2}.Debug|Any CPU.Build.0 = Debug|Any CPU
		{9723F91F-D98D-401E-AF53-036E839472A2}.Release|Any CPU.ActiveCfg = Release|Any CPU
		{9723F91F-D98D-401E-AF53-036E839472A2}.Release|Any CPU.Build.0 = Release|Any CPU
		{8BAAB65A-E8A8-47A4-8F15-E8D643056031}.Debug|Any CPU.ActiveCfg = Debug|Any CPU
		{8BAAB65A-E8A8-47A4-8F15-E8D643056031}.Debug|Any CPU.Build.0 = Debug|Any CPU
		{8BAAB65A-E8A8-47A4-8F15-E8D643056031}.Release|Any CPU.ActiveCfg = Release|Any CPU
		{8BAAB65A-E8A8-47A4-8F15-E8D643056031}.Release|Any CPU.Build.0 = Release|Any CPU
		{55069EFE-2921-432A-9466-2BD4E25D8E5C}.Debug|Any CPU.ActiveCfg = Debug|Any CPU
		{55069EFE-2921-432A-9466-2BD4E25D8E5C}.Debug|Any CPU.Build.0 = Debug|Any CPU
		{55069EFE-2921-432A-9466-2BD4E25D8E5C}.Release|Any CPU.ActiveCfg = Release|Any CPU
		{55069EFE-2921-432A-9466-2BD4E25D8E5C}.Release|Any CPU.Build.0 = Release|Any CPU
		{5FA72AD6-150D-4A8A-9F0E-F63D60327293}.Debug|Any CPU.ActiveCfg = Debug|Any CPU
		{5FA72AD6-150D-4A8A-9F0E-F63D60327293}.Debug|Any CPU.Build.0 = Debug|Any CPU
		{5FA72AD6-150D-4A8A-9F0E-F63D60327293}.Release|Any CPU.ActiveCfg = Release|Any CPU
		{5FA72AD6-150D-4A8A-9F0E-F63D60327293}.Release|Any CPU.Build.0 = Release|Any CPU
		{9A7F001F-6E9D-4904-AD7B-0FD617B68B81}.Debug|Any CPU.ActiveCfg = Debug|Any CPU
		{9A7F001F-6E9D-4904-AD7B-0FD617B68B81}.Debug|Any CPU.Build.0 = Debug|Any CPU
		{9A7F001F-6E9D-4904-AD7B-0FD617B68B81}.Release|Any CPU.ActiveCfg = Release|Any CPU
		{9A7F001F-6E9D-4904-AD7B-0FD617B68B81}.Release|Any CPU.Build.0 = Release|Any CPU
		{0713677E-C7BE-4C9E-B3D7-B2223D583375}.Debug|Any CPU.ActiveCfg = Debug|Any CPU
		{0713677E-C7BE-4C9E-B3D7-B2223D583375}.Debug|Any CPU.Build.0 = Debug|Any CPU
		{0713677E-C7BE-4C9E-B3D7-B2223D583375}.Release|Any CPU.ActiveCfg = Release|Any CPU
		{0713677E-C7BE-4C9E-B3D7-B2223D583375}.Release|Any CPU.Build.0 = Release|Any CPU
		{E6A83895-BCDC-4458-8188-16829BBDDE87}.Debug|Any CPU.ActiveCfg = Debug|Any CPU
		{E6A83895-BCDC-4458-8188-16829BBDDE87}.Debug|Any CPU.Build.0 = Debug|Any CPU
		{E6A83895-BCDC-4458-8188-16829BBDDE87}.Release|Any CPU.ActiveCfg = Release|Any CPU
		{E6A83895-BCDC-4458-8188-16829BBDDE87}.Release|Any CPU.Build.0 = Release|Any CPU
		{1BB7F3D0-A1A4-464E-92DD-FE995C220C97}.Debug|Any CPU.ActiveCfg = Debug|Any CPU
		{1BB7F3D0-A1A4-464E-92DD-FE995C220C97}.Debug|Any CPU.Build.0 = Debug|Any CPU
		{1BB7F3D0-A1A4-464E-92DD-FE995C220C97}.Release|Any CPU.ActiveCfg = Release|Any CPU
		{1BB7F3D0-A1A4-464E-92DD-FE995C220C97}.Release|Any CPU.Build.0 = Release|Any CPU
		{D143F807-3396-47D0-B5E4-39C546D1E83A}.Debug|Any CPU.ActiveCfg = Debug|Any CPU
		{D143F807-3396-47D0-B5E4-39C546D1E83A}.Debug|Any CPU.Build.0 = Debug|Any CPU
		{D143F807-3396-47D0-B5E4-39C546D1E83A}.Release|Any CPU.ActiveCfg = Release|Any CPU
		{D143F807-3396-47D0-B5E4-39C546D1E83A}.Release|Any CPU.Build.0 = Release|Any CPU
		{08F06E41-3A86-4D37-87B1-70865EA3E944}.Debug|Any CPU.ActiveCfg = Debug|Any CPU
		{08F06E41-3A86-4D37-87B1-70865EA3E944}.Debug|Any CPU.Build.0 = Debug|Any CPU
		{08F06E41-3A86-4D37-87B1-70865EA3E944}.Release|Any CPU.ActiveCfg = Release|Any CPU
		{08F06E41-3A86-4D37-87B1-70865EA3E944}.Release|Any CPU.Build.0 = Release|Any CPU
		{3479DC18-64B4-4327-AD10-E642725BD892}.Debug|Any CPU.ActiveCfg = Debug|Any CPU
		{3479DC18-64B4-4327-AD10-E642725BD892}.Debug|Any CPU.Build.0 = Debug|Any CPU
		{3479DC18-64B4-4327-AD10-E642725BD892}.Release|Any CPU.ActiveCfg = Release|Any CPU
		{3479DC18-64B4-4327-AD10-E642725BD892}.Release|Any CPU.Build.0 = Release|Any CPU
		{92154E34-325B-457F-A947-C68034366A3F}.Debug|Any CPU.ActiveCfg = Debug|Any CPU
		{92154E34-325B-457F-A947-C68034366A3F}.Debug|Any CPU.Build.0 = Debug|Any CPU
		{92154E34-325B-457F-A947-C68034366A3F}.Release|Any CPU.ActiveCfg = Release|Any CPU
		{92154E34-325B-457F-A947-C68034366A3F}.Release|Any CPU.Build.0 = Release|Any CPU
	EndGlobalSection
	GlobalSection(SolutionProperties) = preSolution
		HideSolutionNode = FALSE
	EndGlobalSection
	GlobalSection(NestedProjects) = preSolution
		{94E7F0C5-1E9D-4A7D-BE1B-B408C7239C11} = {37BB2708-D980-4AC8-ACC5-8F9DE2748816}
		{AB5E582E-166A-457F-8914-E656F345C733} = {37BB2708-D980-4AC8-ACC5-8F9DE2748816}
		{DD3F13EA-3B0A-4FB4-BB6B-56C2350CC7DD} = {37BB2708-D980-4AC8-ACC5-8F9DE2748816}
		{9723F91F-D98D-401E-AF53-036E839472A2} = {2C0E3E4A-FD75-46CC-BE11-98EA1C648304}
		{8BAAB65A-E8A8-47A4-8F15-E8D643056031} = {2C0E3E4A-FD75-46CC-BE11-98EA1C648304}
		{55069EFE-2921-432A-9466-2BD4E25D8E5C} = {2C0E3E4A-FD75-46CC-BE11-98EA1C648304}
		{5FA72AD6-150D-4A8A-9F0E-F63D60327293} = {2C0E3E4A-FD75-46CC-BE11-98EA1C648304}
		{9A7F001F-6E9D-4904-AD7B-0FD617B68B81} = {2C0E3E4A-FD75-46CC-BE11-98EA1C648304}
		{0713677E-C7BE-4C9E-B3D7-B2223D583375} = {2C0E3E4A-FD75-46CC-BE11-98EA1C648304}
		{E6A83895-BCDC-4458-8188-16829BBDDE87} = {2C0E3E4A-FD75-46CC-BE11-98EA1C648304}
		{1BB7F3D0-A1A4-464E-92DD-FE995C220C97} = {2C0E3E4A-FD75-46CC-BE11-98EA1C648304}
		{D143F807-3396-47D0-B5E4-39C546D1E83A} = {2C0E3E4A-FD75-46CC-BE11-98EA1C648304}
		{08F06E41-3A86-4D37-87B1-70865EA3E944} = {2C0E3E4A-FD75-46CC-BE11-98EA1C648304}
		{3479DC18-64B4-4327-AD10-E642725BD892} = {2C0E3E4A-FD75-46CC-BE11-98EA1C648304}
		{92154E34-325B-457F-A947-C68034366A3F} = {2C0E3E4A-FD75-46CC-BE11-98EA1C648304}
	EndGlobalSection
	GlobalSection(ExtensibilityGlobals) = postSolution
		SolutionGuid = {C9FBEE5B-43F5-45DB-9C99-2DA77F4A8A8F}
	EndGlobalSection
EndGlobal
