
Microsoft Visual Studio Solution File, Format Version 12.00
# Visual Studio Version 16
VisualStudioVersion = 16.0.29123.88
MinimumVisualStudioVersion = 10.0.40219.1
Project("{FAE04EC0-301F-11D3-BF4B-00C04F79EFBC}") = "5.1_Backup_System", "5.1_Backup_System\5.1_Backup_System.csproj", "{4107B4C2-19D4-4407-A302-BD8B1368D39B}"
EndProject
Global
	GlobalSection(SolutionConfigurationPlatforms) = preSolution
		Debug|Any CPU = Debug|Any CPU
		Release|Any CPU = Release|Any CPU
	EndGlobalSection
	GlobalSection(ProjectConfigurationPlatforms) = postSolution
		{4107B4C2-19D4-4407-A302-BD8B1368D39B}.Debug|Any CPU.ActiveCfg = Debug|Any CPU
		{4107B4C2-19D4-4407-A302-BD8B1368D39B}.Debug|Any CPU.Build.0 = Debug|Any CPU
		{4107B4C2-19D4-4407-A302-BD8B1368D39B}.Release|Any CPU.ActiveCfg = Release|Any CPU
		{4107B4C2-19D4-4407-A302-BD8B1368D39B}.Release|Any CPU.Build.0 = Release|Any CPU
	EndGlobalSection
	GlobalSection(SolutionProperties) = preSolution
		HideSolutionNode = FALSE
	EndGlobalSection
	GlobalSection(ExtensibilityGlobals) = postSolution
		SolutionGuid = {94BFF9C5-B875-47F3-B65C-5D905A5ECB59}
	EndGlobalSection
EndGlobal
